
Microsoft Visual Studio Solution File, Format Version 12.00
# Visual Studio Version 17
VisualStudioVersion = 17.6.33815.320
MinimumVisualStudioVersion = 10.0.40219.1
Project("{FAE04EC0-301F-11D3-BF4B-00C04F79EFBC}") = "Phase3Section3.10", "Phase3Section3.10\Phase3Section3.10.csproj", "{ED144779-A7D3-4683-A2CC-3EDDBC6F3D5E}"
EndProject
Global
	GlobalSection(SolutionConfigurationPlatforms) = preSolution
		Debug|Any CPU = Debug|Any CPU
		Release|Any CPU = Release|Any CPU
	EndGlobalSection
	GlobalSection(ProjectConfigurationPlatforms) = postSolution
		{ED144779-A7D3-4683-A2CC-3EDDBC6F3D5E}.Debug|Any CPU.ActiveCfg = Debug|Any CPU
		{ED144779-A7D3-4683-A2CC-3EDDBC6F3D5E}.Debug|Any CPU.Build.0 = Debug|Any CPU
		{ED144779-A7D3-4683-A2CC-3EDDBC6F3D5E}.Release|Any CPU.ActiveCfg = Release|Any CPU
		{ED144779-A7D3-4683-A2CC-3EDDBC6F3D5E}.Release|Any CPU.Build.0 = Release|Any CPU
	EndGlobalSection
	GlobalSection(SolutionProperties) = preSolution
		HideSolutionNode = FALSE
	EndGlobalSection
	GlobalSection(ExtensibilityGlobals) = postSolution
		SolutionGuid = {0FD27D78-3C1B-4674-8917-39C6BF74A8BB}
	EndGlobalSection
EndGlobal
